
Microsoft Visual Studio Solution File, Format Version 12.00
# Visual Studio 15
VisualStudioVersion = 15.0.28307.572
MinimumVisualStudioVersion = 10.0.40219.1
Project("{FAE04EC0-301F-11D3-BF4B-00C04F79EFBC}") = "App2cech.Android", "App2cech\App2cech.Android\App2cech.Android.csproj", "{38930B18-C8DD-4092-8538-8684F2BB028F}"
EndProject
Project("{FAE04EC0-301F-11D3-BF4B-00C04F79EFBC}") = "App2cech.iOS", "App2cech\App2cech.iOS\App2cech.iOS.csproj", "{E4510C94-5297-4FF8-A1F4-39B14250190F}"
EndProject
Project("{FAE04EC0-301F-11D3-BF4B-00C04F79EFBC}") = "App2cech", "App2cech\App2cech\App2cech.csproj", "{079B161C-2864-4523-9ED7-4FD11D0B524E}"
EndProject
Global
	GlobalSection(SolutionConfigurationPlatforms) = preSolution
		Ad-Hoc|Any CPU = Ad-Hoc|Any CPU
		Ad-Hoc|iPhone = Ad-Hoc|iPhone
		Ad-Hoc|iPhoneSimulator = Ad-Hoc|iPhoneSimulator
		AppStore|Any CPU = AppStore|Any CPU
		AppStore|iPhone = AppStore|iPhone
		AppStore|iPhoneSimulator = AppStore|iPhoneSimulator
		Debug|Any CPU = Debug|Any CPU
		Debug|iPhone = Debug|iPhone
		Debug|iPhoneSimulator = Debug|iPhoneSimulator
		Release|Any CPU = Release|Any CPU
		Release|iPhone = Release|iPhone
		Release|iPhoneSimulator = Release|iPhoneSimulator
	EndGlobalSection
	GlobalSection(ProjectConfigurationPlatforms) = postSolution
		{38930B18-C8DD-4092-8538-8684F2BB028F}.Ad-Hoc|Any CPU.ActiveCfg = Release|Any CPU
		{38930B18-C8DD-4092-8538-8684F2BB028F}.Ad-Hoc|Any CPU.Build.0 = Release|Any CPU
		{38930B18-C8DD-4092-8538-8684F2BB028F}.Ad-Hoc|Any CPU.Deploy.0 = Release|Any CPU
		{38930B18-C8DD-4092-8538-8684F2BB028F}.Ad-Hoc|iPhone.ActiveCfg = Release|Any CPU
		{38930B18-C8DD-4092-8538-8684F2BB028F}.Ad-Hoc|iPhone.Build.0 = Release|Any CPU
		{38930B18-C8DD-4092-8538-8684F2BB028F}.Ad-Hoc|iPhone.Deploy.0 = Release|Any CPU
		{38930B18-C8DD-4092-8538-8684F2BB028F}.Ad-Hoc|iPhoneSimulator.ActiveCfg = Release|Any CPU
		{38930B18-C8DD-4092-8538-8684F2BB028F}.Ad-Hoc|iPhoneSimulator.Build.0 = Release|Any CPU
		{38930B18-C8DD-4092-8538-8684F2BB028F}.Ad-Hoc|iPhoneSimulator.Deploy.0 = Release|Any CPU
		{38930B18-C8DD-4092-8538-8684F2BB028F}.AppStore|Any CPU.ActiveCfg = Release|Any CPU
		{38930B18-C8DD-4092-8538-8684F2BB028F}.AppStore|Any CPU.Build.0 = Release|Any CPU
		{38930B18-C8DD-4092-8538-8684F2BB028F}.AppStore|Any CPU.Deploy.0 = Release|Any CPU
		{38930B18-C8DD-4092-8538-8684F2BB028F}.AppStore|iPhone.ActiveCfg = Release|Any CPU
		{38930B18-C8DD-4092-8538-8684F2BB028F}.AppStore|iPhone.Build.0 = Release|Any CPU
		{38930B18-C8DD-4092-8538-8684F2BB028F}.AppStore|iPhone.Deploy.0 = Release|Any CPU
		{38930B18-C8DD-4092-8538-8684F2BB028F}.AppStore|iPhoneSimulator.ActiveCfg = Release|Any CPU
		{38930B18-C8DD-4092-8538-8684F2BB028F}.AppStore|iPhoneSimulator.Build.0 = Release|Any CPU
		{38930B18-C8DD-4092-8538-8684F2BB028F}.AppStore|iPhoneSimulator.Deploy.0 = Release|Any CPU
		{38930B18-C8DD-4092-8538-8684F2BB028F}.Debug|Any CPU.ActiveCfg = Debug|Any CPU
		{38930B18-C8DD-4092-8538-8684F2BB028F}.Debug|Any CPU.Build.0 = Debug|Any CPU
		{38930B18-C8DD-4092-8538-8684F2BB028F}.Debug|Any CPU.Deploy.0 = Debug|Any CPU
		{38930B18-C8DD-4092-8538-8684F2BB028F}.Debug|iPhone.ActiveCfg = Debug|Any CPU
		{38930B18-C8DD-4092-8538-8684F2BB028F}.Debug|iPhone.Build.0 = Debug|Any CPU
		{38930B18-C8DD-4092-8538-8684F2BB028F}.Debug|iPhone.Deploy.0 = Debug|Any CPU
		{38930B18-C8DD-4092-8538-8684F2BB028F}.Debug|iPhoneSimulator.ActiveCfg = Debug|Any CPU
		{38930B18-C8DD-4092-8538-8684F2BB028F}.Debug|iPhoneSimulator.Build.0 = Debug|Any CPU
		{38930B18-C8DD-4092-8538-8684F2BB028F}.Debug|iPhoneSimulator.Deploy.0 = Debug|Any CPU
		{38930B18-C8DD-4092-8538-8684F2BB028F}.Release|Any CPU.ActiveCfg = Release|Any CPU
		{38930B18-C8DD-4092-8538-8684F2BB028F}.Release|Any CPU.Build.0 = Release|Any CPU
		{38930B18-C8DD-4092-8538-8684F2BB028F}.Release|Any CPU.Deploy.0 = Release|Any CPU
		{38930B18-C8DD-4092-8538-8684F2BB028F}.Release|iPhone.ActiveCfg = Release|Any CPU
		{38930B18-C8DD-4092-8538-8684F2BB028F}.Release|iPhone.Build.0 = Release|Any CPU
		{38930B18-C8DD-4092-8538-8684F2BB028F}.Release|iPhone.Deploy.0 = Release|Any CPU
		{38930B18-C8DD-4092-8538-8684F2BB028F}.Release|iPhoneSimulator.ActiveCfg = Release|Any CPU
		{38930B18-C8DD-4092-8538-8684F2BB028F}.Release|iPhoneSimulator.Build.0 = Release|Any CPU
		{38930B18-C8DD-4092-8538-8684F2BB028F}.Release|iPhoneSimulator.Deploy.0 = Release|Any CPU
		{E4510C94-5297-4FF8-A1F4-39B14250190F}.Ad-Hoc|Any CPU.ActiveCfg = Ad-Hoc|iPhone
		{E4510C94-5297-4FF8-A1F4-39B14250190F}.Ad-Hoc|Any CPU.Build.0 = Ad-Hoc|iPhone
		{E4510C94-5297-4FF8-A1F4-39B14250190F}.Ad-Hoc|Any CPU.Deploy.0 = Ad-Hoc|iPhone
		{E4510C94-5297-4FF8-A1F4-39B14250190F}.Ad-Hoc|iPhone.ActiveCfg = Ad-Hoc|iPhone
		{E4510C94-5297-4FF8-A1F4-39B14250190F}.Ad-Hoc|iPhone.Build.0 = Ad-Hoc|iPhone
		{E4510C94-5297-4FF8-A1F4-39B14250190F}.Ad-Hoc|iPhone.Deploy.0 = Ad-Hoc|iPhone
		{E4510C94-5297-4FF8-A1F4-39B14250190F}.Ad-Hoc|iPhoneSimulator.ActiveCfg = Ad-Hoc|iPhoneSimulator
		{E4510C94-5297-4FF8-A1F4-39B14250190F}.Ad-Hoc|iPhoneSimulator.Build.0 = Ad-Hoc|iPhoneSimulator
		{E4510C94-5297-4FF8-A1F4-39B14250190F}.Ad-Hoc|iPhoneSimulator.Deploy.0 = Ad-Hoc|iPhoneSimulator
		{E4510C94-5297-4FF8-A1F4-39B14250190F}.AppStore|Any CPU.ActiveCfg = AppStore|iPhone
		{E4510C94-5297-4FF8-A1F4-39B14250190F}.AppStore|Any CPU.Build.0 = AppStore|iPhone
		{E4510C94-5297-4FF8-A1F4-39B14250190F}.AppStore|Any CPU.Deploy.0 = AppStore|iPhone
		{E4510C94-5297-4FF8-A1F4-39B14250190F}.AppStore|iPhone.ActiveCfg = AppStore|iPhone
		{E4510C94-5297-4FF8-A1F4-39B14250190F}.AppStore|iPhone.Build.0 = AppStore|iPhone
		{E4510C94-5297-4FF8-A1F4-39B14250190F}.AppStore|iPhone.Deploy.0 = AppStore|iPhone
		{E4510C94-5297-4FF8-A1F4-39B14250190F}.AppStore|iPhoneSimulator.ActiveCfg = AppStore|iPhoneSimulator
		{E4510C94-5297-4FF8-A1F4-39B14250190F}.AppStore|iPhoneSimulator.Build.0 = AppStore|iPhoneSimulator
		{E4510C94-5297-4FF8-A1F4-39B14250190F}.AppStore|iPhoneSimulator.Deploy.0 = AppStore|iPhoneSimulator
		{E4510C94-5297-4FF8-A1F4-39B14250190F}.Debug|Any CPU.ActiveCfg = Debug|iPhoneSimulator
		{E4510C94-5297-4FF8-A1F4-39B14250190F}.Debug|Any CPU.Build.0 = Debug|iPhoneSimulator
		{E4510C94-5297-4FF8-A1F4-39B14250190F}.Debug|Any CPU.Deploy.0 = Debug|iPhoneSimulator
		{E4510C94-5297-4FF8-A1F4-39B14250190F}.Debug|iPhone.ActiveCfg = Debug|iPhone
		{E4510C94-5297-4FF8-A1F4-39B14250190F}.Debug|iPhone.Build.0 = Debug|iPhone
		{E4510C94-5297-4FF8-A1F4-39B14250190F}.Debug|iPhone.Deploy.0 = Debug|iPhone
		{E4510C94-5297-4FF8-A1F4-39B14250190F}.Debug|iPhoneSimulator.ActiveCfg = Debug|iPhoneSimulator
		{E4510C94-5297-4FF8-A1F4-39B14250190F}.Debug|iPhoneSimulator.Build.0 = Debug|iPhoneSimulator
		{E4510C94-5297-4FF8-A1F4-39B14250190F}.Debug|iPhoneSimulator.Deploy.0 = Debug|iPhoneSimulator
		{E4510C94-5297-4FF8-A1F4-39B14250190F}.Release|Any CPU.ActiveCfg = Release|iPhone
		{E4510C94-5297-4FF8-A1F4-39B14250190F}.Release|Any CPU.Build.0 = Release|iPhone
		{E4510C94-5297-4FF8-A1F4-39B14250190F}.Release|Any CPU.Deploy.0 = Release|iPhone
		{E4510C94-5297-4FF8-A1F4-39B14250190F}.Release|iPhone.ActiveCfg = Release|iPhone
		{E4510C94-5297-4FF8-A1F4-39B14250190F}.Release|iPhone.Build.0 = Release|iPhone
		{E4510C94-5297-4FF8-A1F4-39B14250190F}.Release|iPhone.Deploy.0 = Release|iPhone
		{E4510C94-5297-4FF8-A1F4-39B14250190F}.Release|iPhoneSimulator.ActiveCfg = Release|iPhoneSimulator
		{E4510C94-5297-4FF8-A1F4-39B14250190F}.Release|iPhoneSimulator.Build.0 = Release|iPhoneSimulator
		{E4510C94-5297-4FF8-A1F4-39B14250190F}.Release|iPhoneSimulator.Deploy.0 = Release|iPhoneSimulator
		{079B161C-2864-4523-9ED7-4FD11D0B524E}.Ad-Hoc|Any CPU.ActiveCfg = Debug|Any CPU
		{079B161C-2864-4523-9ED7-4FD11D0B524E}.Ad-Hoc|Any CPU.Build.0 = Debug|Any CPU
		{079B161C-2864-4523-9ED7-4FD11D0B524E}.Ad-Hoc|Any CPU.Deploy.0 = Debug|Any CPU
		{079B161C-2864-4523-9ED7-4FD11D0B524E}.Ad-Hoc|iPhone.ActiveCfg = Debug|Any CPU
		{079B161C-2864-4523-9ED7-4FD11D0B524E}.Ad-Hoc|iPhone.Build.0 = Debug|Any CPU
		{079B161C-2864-4523-9ED7-4FD11D0B524E}.Ad-Hoc|iPhone.Deploy.0 = Debug|Any CPU
		{079B161C-2864-4523-9ED7-4FD11D0B524E}.Ad-Hoc|iPhoneSimulator.ActiveCfg = Debug|Any CPU
		{079B161C-2864-4523-9ED7-4FD11D0B524E}.Ad-Hoc|iPhoneSimulator.Build.0 = Debug|Any CPU
		{079B161C-2864-4523-9ED7-4FD11D0B524E}.Ad-Hoc|iPhoneSimulator.Deploy.0 = Debug|Any CPU
		{079B161C-2864-4523-9ED7-4FD11D0B524E}.AppStore|Any CPU.ActiveCfg = Debug|Any CPU
		{079B161C-2864-4523-9ED7-4FD11D0B524E}.AppStore|Any CPU.Build.0 = Debug|Any CPU
		{079B161C-2864-4523-9ED7-4FD11D0B524E}.AppStore|Any CPU.Deploy.0 = Debug|Any CPU
		{079B161C-2864-4523-9ED7-4FD11D0B524E}.AppStore|iPhone.ActiveCfg = Debug|Any CPU
		{079B161C-2864-4523-9ED7-4FD11D0B524E}.AppStore|iPhone.Build.0 = Debug|Any CPU
		{079B161C-2864-4523-9ED7-4FD11D0B524E}.AppStore|iPhone.Deploy.0 = Debug|Any CPU
		{079B161C-2864-4523-9ED7-4FD11D0B524E}.AppStore|iPhoneSimulator.ActiveCfg = Debug|Any CPU
		{079B161C-2864-4523-9ED7-4FD11D0B524E}.AppStore|iPhoneSimulator.Build.0 = Debug|Any CPU
		{079B161C-2864-4523-9ED7-4FD11D0B524E}.AppStore|iPhoneSimulator.Deploy.0 = Debug|Any CPU
		{079B161C-2864-4523-9ED7-4FD11D0B524E}.Debug|Any CPU.ActiveCfg = Debug|Any CPU
		{079B161C-2864-4523-9ED7-4FD11D0B524E}.Debug|Any CPU.Build.0 = Debug|Any CPU
		{079B161C-2864-4523-9ED7-4FD11D0B524E}.Debug|Any CPU.Deploy.0 = Debug|Any CPU
		{079B161C-2864-4523-9ED7-4FD11D0B524E}.Debug|iPhone.ActiveCfg = Debug|Any CPU
		{079B161C-2864-4523-9ED7-4FD11D0B524E}.Debug|iPhone.Build.0 = Debug|Any CPU
		{079B161C-2864-4523-9ED7-4FD11D0B524E}.Debug|iPhone.Deploy.0 = Debug|Any CPU
		{079B161C-2864-4523-9ED7-4FD11D0B524E}.Debug|iPhoneSimulator.ActiveCfg = Debug|Any CPU
		{079B161C-2864-4523-9ED7-4FD11D0B524E}.Debug|iPhoneSimulator.Build.0 = Debug|Any CPU
		{079B161C-2864-4523-9ED7-4FD11D0B524E}.Debug|iPhoneSimulator.Deploy.0 = Debug|Any CPU
		{079B161C-2864-4523-9ED7-4FD11D0B524E}.Release|Any CPU.ActiveCfg = Release|Any CPU
		{079B161C-2864-4523-9ED7-4FD11D0B524E}.Release|Any CPU.Build.0 = Release|Any CPU
		{079B161C-2864-4523-9ED7-4FD11D0B524E}.Release|Any CPU.Deploy.0 = Release|Any CPU
		{079B161C-2864-4523-9ED7-4FD11D0B524E}.Release|iPhone.ActiveCfg = Release|Any CPU
		{079B161C-2864-4523-9ED7-4FD11D0B524E}.Release|iPhone.Build.0 = Release|Any CPU
		{079B161C-2864-4523-9ED7-4FD11D0B524E}.Release|iPhone.Deploy.0 = Release|Any CPU
		{079B161C-2864-4523-9ED7-4FD11D0B524E}.Release|iPhoneSimulator.ActiveCfg = Release|Any CPU
		{079B161C-2864-4523-9ED7-4FD11D0B524E}.Release|iPhoneSimulator.Build.0 = Release|Any CPU
		{079B161C-2864-4523-9ED7-4FD11D0B524E}.Release|iPhoneSimulator.Deploy.0 = Release|Any CPU
	EndGlobalSection
	GlobalSection(SolutionProperties) = preSolution
		HideSolutionNode = FALSE
	EndGlobalSection
	GlobalSection(ExtensibilityGlobals) = postSolution
		SolutionGuid = {BECE03B4-BB46-4F93-B949-D285A308FC6A}
	EndGlobalSection
EndGlobal
